{
  "requires": true,
  "lockfileVersion": 1,
  "dependencies": {
    "destyle.css": {
      "version": "1.0.10",
      "resolved": "https://registry.npmjs.org/destyle.css/-/destyle.css-1.0.10.tgz",
      "integrity": "sha512-6KKX9n5eD/xiHj2tRNKOXdXvkJDUphcgCBEG/Skl6wsaZs1SS/ERnaHdSoLe3MhI/vUhXgeUe7SWdCKTN77fnQ=="
    }
  }
}
